// !$*UTF8*$!
{
	archiveVersion = 1;
	classes = {
	};
	objectVersion = 46;
	objects = {

/* Begin PBXBuildFile section */
		3D1639AD1C9CABE00042BB72 /* AppDelegate.swift in Sources */ = {isa = PBXBuildFile; fileRef = 3D1639AC1C9CABE00042BB72 /* AppDelegate.swift */; };
		3D1639B21C9CABE00042BB72 /* Main.storyboard in Resources */ = {isa = PBXBuildFile; fileRef = 3D1639B01C9CABE00042BB72 /* Main.storyboard */; };
		3D1639B41C9CABE00042BB72 /* Assets.xcassets in Resources */ = {isa = PBXBuildFile; fileRef = 3D1639B31C9CABE00042BB72 /* Assets.xcassets */; };
		3D1639B71C9CABE00042BB72 /* LaunchScreen.storyboard in Resources */ = {isa = PBXBuildFile; fileRef = 3D1639B51C9CABE00042BB72 /* LaunchScreen.storyboard */; };
		3D1639C21C9CABE10042BB72 /* photoReviewTests.swift in Sources */ = {isa = PBXBuildFile; fileRef = 3D1639C11C9CABE10042BB72 /* photoReviewTests.swift */; };
		3D1639CD1C9CABE10042BB72 /* photoReviewUITests.swift in Sources */ = {isa = PBXBuildFile; fileRef = 3D1639CC1C9CABE10042BB72 /* photoReviewUITests.swift */; };
/* End PBXBuildFile section */

/* Begin PBXContainerItemProxy section */
		3D1639BE1C9CABE10042BB72 /* PBXContainerItemProxy */ = {
			isa = PBXContainerItemProxy;
			containerPortal = 3D1639A11C9CABE00042BB72 /* Project object */;
			proxyType = 1;
			remoteGlobalIDString = 3D1639A81C9CABE00042BB72;
			remoteInfo = photoReview;
		};
		3D1639C91C9CABE10042BB72 /* PBXContainerItemProxy */ = {
			isa = PBXContainerItemProxy;
			containerPortal = 3D1639A11C9CABE00042BB72 /* Project object */;
			proxyType = 1;
			remoteGlobalIDString = 3D1639A81C9CABE00042BB72;
			remoteInfo = photoReview;
		};
/* End PBXContainerItemProxy section */

/* Begin PBXFileReference section */
		3D1639A91C9CABE00042BB72 /* photoReview.app */ = {isa = PBXFileReference; explicitFileType = wrapper.application; includeInIndex = 0; path = photoReview.app; sourceTree = BUILT_PRODUCTS_DIR; };
		3D1639AC1C9CABE00042BB72 /* AppDelegate.swift */ = {isa = PBXFileReference; lastKnownFileType = sourcecode.swift; path = AppDelegate.swift; sourceTree = "<group>"; };
		3D1639B11C9CABE00042BB72 /* Base */ = {isa = PBXFileReference; lastKnownFileType = file.storyboard; name = Base; path = Base.lproj/Main.storyboard; sourceTree = "<group>"; };
		3D1639B31C9CABE00042BB72 /* Assets.xcassets */ = {isa = PBXFileReference; lastKnownFileType = folder.assetcatalog; path = Assets.xcassets; sourceTree = "<group>"; };
		3D1639B61C9CABE00042BB72 /* Base */ = {isa = PBXFileReference; lastKnownFileType = file.storyboard; name = Base; path = Base.lproj/LaunchScreen.storyboard; sourceTree = "<group>"; };
		3D1639B81C9CABE00042BB72 /* Info.plist */ = {isa = PBXFileReference; lastKnownFileType = text.plist.xml; path = Info.plist; sourceTree = "<group>"; };
		3D1639BD1C9CABE10042BB72 /* photoReviewTests.xctest */ = {isa = PBXFileReference; explicitFileType = wrapper.cfbundle; includeInIndex = 0; path = photoReviewTests.xctest; sourceTree = BUILT_PRODUCTS_DIR; };
		3D1639C11C9CABE10042BB72 /* photoReviewTests.swift */ = {isa = PBXFileReference; lastKnownFileType = sourcecode.swift; path = photoReviewTests.swift; sourceTree = "<group>"; };
		3D1639C31C9CABE10042BB72 /* Info.plist */ = {isa = PBXFileReference; lastKnownFileType = text.plist.xml; path = Info.plist; sourceTree = "<group>"; };
		3D1639C81C9CABE10042BB72 /* photoReviewUITests.xctest */ = {isa = PBXFileReference; explicitFileType = wrapper.cfbundle; includeInIndex = 0; path = photoReviewUITests.xctest; sourceTree = BUILT_PRODUCTS_DIR; };
		3D1639CC1C9CABE10042BB72 /* photoReviewUITests.swift */ = {isa = PBXFileReference; lastKnownFileType = sourcecode.swift; path = photoReviewUITests.swift; sourceTree = "<group>"; };
		3D1639CE1C9CABE10042BB72 /* Info.plist */ = {isa = PBXFileReference; lastKnownFileType = text.plist.xml; path = Info.plist; sourceTree = "<group>"; };
/* End PBXFileReference section */

/* Begin PBXFrameworksBuildPhase section */
		3D1639A61C9CABE00042BB72 /* Frameworks */ = {
			isa = PBXFrameworksBuildPhase;
			buildActionMask = 2147483647;
			files = (
			);
			runOnlyForDeploymentPostprocessing = 0;
		};
		3D1639BA1C9CABE10042BB72 /* Frameworks */ = {
			isa = PBXFrameworksBuildPhase;
			buildActionMask = 2147483647;
			files = (
			);
			runOnlyForDeploymentPostprocessing = 0;
		};
		3D1639C51C9CABE10042BB72 /* Frameworks */ = {
			isa = PBXFrameworksBuildPhase;
			buildActionMask = 2147483647;
			files = (
			);
			runOnlyForDeploymentPostprocessing = 0;
		};
/* End PBXFrameworksBuildPhase section */

/* Begin PBXGroup section */
		3D1639A01C9CABE00042BB72 = {
			isa = PBXGroup;
			children = (
				3D1639AB1C9CABE00042BB72 /* photoReview */,
				3D1639C01C9CABE10042BB72 /* photoReviewTests */,
				3D1639CB1C9CABE10042BB72 /* photoReviewUITests */,
				3D1639AA1C9CABE00042BB72 /* Products */,
			);
			sourceTree = "<group>";
		};
		3D1639AA1C9CABE00042BB72 /* Products */ = {
			isa = PBXGroup;
			children = (
				3D1639A91C9CABE00042BB72 /* photoReview.app */,
				3D1639BD1C9CABE10042BB72 /* photoReviewTests.xctest */,
				3D1639C81C9CABE10042BB72 /* photoReviewUITests.xctest */,
			);
			name = Products;
			sourceTree = "<group>";
		};
		3D1639AB1C9CABE00042BB72 /* photoReview */ = {
			isa = PBXGroup;
			children = (
				3D1639AC1C9CABE00042BB72 /* AppDelegate.swift */,
				3D1639B01C9CABE00042BB72 /* Main.storyboard */,
				3D1639B31C9CABE00042BB72 /* Assets.xcassets */,
				3D1639B51C9CABE00042BB72 /* LaunchScreen.storyboard */,
				3D1639B81C9CABE00042BB72 /* Info.plist */,
			);
			path = photoReview;
			sourceTree = "<group>";
		};
		3D1639C01C9CABE10042BB72 /* photoReviewTests */ = {
			isa = PBXGroup;
			children = (
				3D1639C11C9CABE10042BB72 /* photoReviewTests.swift */,
				3D1639C31C9CABE10042BB72 /* Info.plist */,
			);
			path = photoReviewTests;
			sourceTree = "<group>";
		};
		3D1639CB1C9CABE10042BB72 /* photoReviewUITests */ = {
			isa = PBXGroup;
			children = (
				3D1639CC1C9CABE10042BB72 /* photoReviewUITests.swift */,
				3D1639CE1C9CABE10042BB72 /* Info.plist */,
			);
			path = photoReviewUITests;
			sourceTree = "<group>";
		};
/* End PBXGroup section */

/* Begin PBXNativeTarget section */
		3D1639A81C9CABE00042BB72 /* photoReview */ = {
			isa = PBXNativeTarget;
			buildConfigurationList = 3D1639D11C9CABE10042BB72 /* Build configuration list for PBXNativeTarget "photoReview" */;
			buildPhases = (
				3D1639A51C9CABE00042BB72 /* Sources */,
				3D1639A61C9CABE00042BB72 /* Frameworks */,
				3D1639A71C9CABE00042BB72 /* Resources */,
			);
			buildRules = (
			);
			dependencies = (
			);
			name = photoReview;
			productName = photoReview;
			productReference = 3D1639A91C9CABE00042BB72 /* photoReview.app */;
			productType = "com.apple.product-type.application";
		};
		3D1639BC1C9CABE10042BB72 /* photoReviewTests */ = {
			isa = PBXNativeTarget;
			buildConfigurationList = 3D1639D41C9CABE10042BB72 /* Build configuration list for PBXNativeTarget "photoReviewTests" */;
			buildPhases = (
				3D1639B91C9CABE10042BB72 /* Sources */,
				3D1639BA1C9CABE10042BB72 /* Frameworks */,
				3D1639BB1C9CABE10042BB72 /* Resources */,
			);
			buildRules = (
			);
			dependencies = (
				3D1639BF1C9CABE10042BB72 /* PBXTargetDependency */,
			);
			name = photoReviewTests;
			productName = photoReviewTests;
			productReference = 3D1639BD1C9CABE10042BB72 /* photoReviewTests.xctest */;
			productType = "com.apple.product-type.bundle.unit-test";
		};
		3D1639C71C9CABE10042BB72 /* photoReviewUITests */ = {
			isa = PBXNativeTarget;
			buildConfigurationList = 3D1639D71C9CABE10042BB72 /* Build configuration list for PBXNativeTarget "photoReviewUITests" */;
			buildPhases = (
				3D1639C41C9CABE10042BB72 /* Sources */,
				3D1639C51C9CABE10042BB72 /* Frameworks */,
				3D1639C61C9CABE10042BB72 /* Resources */,
			);
			buildRules = (
			);
			dependencies = (
				3D1639CA1C9CABE10042BB72 /* PBXTargetDependency */,
			);
			name = photoReviewUITests;
			productName = photoReviewUITests;
			productReference = 3D1639C81C9CABE10042BB72 /* photoReviewUITests.xctest */;
			productType = "com.apple.product-type.bundle.ui-testing";
		};
/* End PBXNativeTarget section */

/* Begin PBXProject section */
		3D1639A11C9CABE00042BB72 /* Project object */ = {
			isa = PBXProject;
			attributes = {
				LastSwiftUpdateCheck = 0720;
				LastUpgradeCheck = 0720;
				ORGANIZATIONNAME = Ling;
				TargetAttributes = {
					3D1639A81C9CABE00042BB72 = {
						CreatedOnToolsVersion = 7.2.1;
					};
					3D1639BC1C9CABE10042BB72 = {
						CreatedOnToolsVersion = 7.2.1;
						TestTargetID = 3D1639A81C9CABE00042BB72;
					};
					3D1639C71C9CABE10042BB72 = {
						CreatedOnToolsVersion = 7.2.1;
						TestTargetID = 3D1639A81C9CABE00042BB72;
					};
				};
			};
			buildConfigurationList = 3D1639A41C9CABE00042BB72 /* Build configuration list for PBXProject "photoReview" */;
			compatibilityVersion = "Xcode 3.2";
			developmentRegion = English;
			hasScannedForEncodings = 0;
			knownRegions = (
				en,
				Base,
			);
			mainGroup = 3D1639A01C9CABE00042BB72;
			productRefGroup = 3D1639AA1C9CABE00042BB72 /* Products */;
			projectDirPath = "";
			projectRoot = "";
			targets = (
				3D1639A81C9CABE00042BB72 /* photoReview */,
				3D1639BC1C9CABE10042BB72 /* photoReviewTests */,
				3D1639C71C9CABE10042BB72 /* photoReviewUITests */,
			);
		};
/* End PBXProject section */

/* Begin PBXResourcesBuildPhase section */
		3D1639A71C9CABE00042BB72 /* Resources */ = {
			isa = PBXResourcesBuildPhase;
			buildActionMask = 2147483647;
			files = (
				3D1639B71C9CABE00042BB72 /* LaunchScreen.storyboard in Resources */,
				3D1639B41C9CABE00042BB72 /* Assets.xcassets in Resources */,
				3D1639B21C9CABE00042BB72 /* Main.storyboard in Resources */,
			);
			runOnlyForDeploymentPostprocessing = 0;
		};
		3D1639BB1C9CABE10042BB72 /* Resources */ = {
			isa = PBXResourcesBuildPhase;
			buildActionMask = 2147483647;
			files = (
			);
			runOnlyForDeploymentPostprocessing = 0;
		};
		3D1639C61C9CABE10042BB72 /* Resources */ = {
			isa = PBXResourcesBuildPhase;
			buildActionMask = 2147483647;
			files = (
			);
			runOnlyForDeploymentPostprocessing = 0;
		};
/* End PBXResourcesBuildPhase section */

/* Begin PBXSourcesBuildPhase section */
		3D1639A51C9CABE00042BB72 /* Sources */ = {
			isa = PBXSourcesBuildPhase;
			buildActionMask = 2147483647;
			files = (
				3D1639AD1C9CABE00042BB72 /* AppDelegate.swift in Sources */,
			);
			runOnlyForDeploymentPostprocessing = 0;
		};
		3D1639B91C9CABE10042BB72 /* Sources */ = {
			isa = PBXSourcesBuildPhase;
			buildActionMask = 2147483647;
			files = (
				3D1639C21C9CABE10042BB72 /* photoReviewTests.swift in Sources */,
			);
			runOnlyForDeploymentPostprocessing = 0;
		};
		3D1639C41C9CABE10042BB72 /* Sources */ = {
			isa = PBXSourcesBuildPhase;
			buildActionMask = 2147483647;
			files = (
				3D1639CD1C9CABE10042BB72 /* photoReviewUITests.swift in Sources */,
			);
			runOnlyForDeploymentPostprocessing = 0;
		};
/* End PBXSourcesBuildPhase section */

/* Begin PBXTargetDependency section */
		3D1639BF1C9CABE10042BB72 /* PBXTargetDependency */ = {
			isa = PBXTargetDependency;
			target = 3D1639A81C9CABE00042BB72 /* photoReview */;
			targetProxy = 3D1639BE1C9CABE10042BB72 /* PBXContainerItemProxy */;
		};
		3D1639CA1C9CABE10042BB72 /* PBXTargetDependency */ = {
			isa = PBXTargetDependency;
			target = 3D1639A81C9CABE00042BB72 /* photoReview */;
			targetProxy = 3D1639C91C9CABE10042BB72 /* PBXContainerItemProxy */;
		};
/* End PBXTargetDependency section */

/* Begin PBXVariantGroup section */
		3D1639B01C9CABE00042BB72 /* Main.storyboard */ = {
			isa = PBXVariantGroup;
			children = (
				3D1639B11C9CABE00042BB72 /* Base */,
			);
			name = Main.storyboard;
			sourceTree = "<group>";
		};
		3D1639B51C9CABE00042BB72 /* LaunchScreen.storyboard */ = {
			isa = PBXVariantGroup;
			children = (
				3D1639B61C9CABE00042BB72 /* Base */,
			);
			name = LaunchScreen.storyboard;
			sourceTree = "<group>";
		};
/* End PBXVariantGroup section */

/* Begin XCBuildConfiguration section */
		3D1639CF1C9CABE10042BB72 /* Debug */ = {
			isa = XCBuildConfiguration;
			buildSettings = {
				ALWAYS_SEARCH_USER_PATHS = NO;
				CLANG_CXX_LANGUAGE_STANDARD = "gnu++0x";
				CLANG_CXX_LIBRARY = "libc++";
				CLANG_ENABLE_MODULES = YES;
				CLANG_ENABLE_OBJC_ARC = YES;
				CLANG_WARN_BOOL_CONVERSION = YES;
				CLANG_WARN_CONSTANT_CONVERSION = YES;
				CLANG_WARN_DIRECT_OBJC_ISA_USAGE = YES_ERROR;
				CLANG_WARN_EMPTY_BODY = YES;
				CLANG_WARN_ENUM_CONVERSION = YES;
				CLANG_WARN_INT_CONVERSION = YES;
				CLANG_WARN_OBJC_ROOT_CLASS = YES_ERROR;
				CLANG_WARN_UNREACHABLE_CODE = YES;
				CLANG_WARN__DUPLICATE_METHOD_MATCH = YES;
				"CODE_SIGN_IDENTITY[sdk=iphoneos*]" = "iPhone Developer";
				COPY_PHASE_STRIP = NO;
				DEBUG_INFORMATION_FORMAT = dwarf;
				ENABLE_STRICT_OBJC_MSGSEND = YES;
				ENABLE_TESTABILITY = YES;
				GCC_C_LANGUAGE_STANDARD = gnu99;
				GCC_DYNAMIC_NO_PIC = NO;
				GCC_NO_COMMON_BLOCKS = YES;
				GCC_OPTIMIZATION_LEVEL = 0;
				GCC_PREPROCESSOR_DEFINITIONS = (
					"DEBUG=1",
					"$(inherited)",
				);
				GCC_WARN_64_TO_32_BIT_CONVERSION = YES;
				GCC_WARN_ABOUT_RETURN_TYPE = YES_ERROR;
				GCC_WARN_UNDECLARED_SELECTOR = YES;
				GCC_WARN_UNINITIALIZED_AUTOS = YES_AGGRESSIVE;
				GCC_WARN_UNUSED_FUNCTION = YES;
				GCC_WARN_UNUSED_VARIABLE = YES;
				IPHONEOS_DEPLOYMENT_TARGET = 9.2;
				MTL_ENABLE_DEBUG_INFO = YES;
				ONLY_ACTIVE_ARCH = YES;
				SDKROOT = iphoneos;
				SWIFT_OPTIMIZATION_LEVEL = "-Onone";
			};
			name = Debug;
		};
		3D1639D01C9CABE10042BB72 /* Release */ = {
			isa = XCBuildConfiguration;
			buildSettings = {
				ALWAYS_SEARCH_USER_PATHS = NO;
				CLANG_CXX_LANGUAGE_STANDARD = "gnu++0x";
				CLANG_CXX_LIBRARY = "libc++";
				CLANG_ENABLE_MODULES = YES;
				CLANG_ENABLE_OBJC_ARC = YES;
				CLANG_WARN_BOOL_CONVERSION = YES;
				CLANG_WARN_CONSTANT_CONVERSION = YES;
				CLANG_WARN_DIRECT_OBJC_ISA_USAGE = YES_ERROR;
				CLANG_WARN_EMPTY_BODY = YES;
				CLANG_WARN_ENUM_CONVERSION = YES;
				CLANG_WARN_INT_CONVERSION = YES;
				CLANG_WARN_OBJC_ROOT_CLASS = YES_ERROR;
				CLANG_WARN_UNREACHABLE_CODE = YES;
				CLANG_WARN__DUPLICATE_METHOD_MATCH = YES;
				"CODE_SIGN_IDENTITY[sdk=iphoneos*]" = "iPhone Developer";
				COPY_PHASE_STRIP = NO;
				DEBUG_INFORMATION_FORMAT = "dwarf-with-dsym";
				ENABLE_NS_ASSERTIONS = NO;
				ENABLE_STRICT_OBJC_MSGSEND = YES;
				GCC_C_LANGUAGE_STANDARD = gnu99;
				GCC_NO_COMMON_BLOCKS = YES;
				GCC_WARN_64_TO_32_BIT_CONVERSION = YES;
				GCC_WARN_ABOUT_RETURN_TYPE = YES_ERROR;
				GCC_WARN_UNDECLARED_SELECTOR = YES;
				GCC_WARN_UNINITIALIZED_AUTOS = YES_AGGRESSIVE;
				GCC_WARN_UNUSED_FUNCTION = YES;
				GCC_WARN_UNUSED_VARIABLE = YES;
				IPHONEOS_DEPLOYMENT_TARGET = 9.2;
				MTL_ENABLE_DEBUG_INFO = NO;
				SDKROOT = iphoneos;
				VALIDATE_PRODUCT = YES;
			};
			name = Release;
		};
		3D1639D21C9CABE10042BB72 /* Debug */ = {
			isa = XCBuildConfiguration;
			buildSettings = {
				ASSETCATALOG_COMPILER_APPICON_NAME = AppIcon;
				INFOPLIST_FILE = photoReview/Info.plist;
				LD_RUNPATH_SEARCH_PATHS = "$(inherited) @executable_path/Frameworks";
				PRODUCT_BUNDLE_IDENTIFIER = com.lingtoby.photoReview;
				PRODUCT_NAME = "$(TARGET_NAME)";
			};
			name = Debug;
		};
		3D1639D31C9CABE10042BB72 /* Release */ = {
			isa = XCBuildConfiguration;
			buildSettings = {
				ASSETCATALOG_COMPILER_APPICON_NAME = AppIcon;
				INFOPLIST_FILE = photoReview/Info.plist;
				LD_RUNPATH_SEARCH_PATHS = "$(inherited) @executable_path/Frameworks";
				PRODUCT_BUNDLE_IDENTIFIER = com.lingtoby.photoReview;
				PRODUCT_NAME = "$(TARGET_NAME)";
			};
			name = Release;
		};
		3D1639D51C9CABE10042BB72 /* Debug */ = {
			isa = XCBuildConfiguration;
			buildSettings = {
				BUNDLE_LOADER = "$(TEST_HOST)";
				INFOPLIST_FILE = photoReviewTests/Info.plist;
				LD_RUNPATH_SEARCH_PATHS = "$(inherited) @executable_path/Frameworks @loader_path/Frameworks";
				PRODUCT_BUNDLE_IDENTIFIER = com.lingtoby.photoReviewTests;
				PRODUCT_NAME = "$(TARGET_NAME)";
				TEST_HOST = "$(BUILT_PRODUCTS_DIR)/photoReview.app/photoReview";
			};
			name = Debug;
		};
		3D1639D61C9CABE10042BB72 /* Release */ = {
			isa = XCBuildConfiguration;
			buildSettings = {
				BUNDLE_LOADER = "$(TEST_HOST)";
				INFOPLIST_FILE = photoReviewTests/Info.plist;
				LD_RUNPATH_SEARCH_PATHS = "$(inherited) @executable_path/Frameworks @loader_path/Frameworks";
				PRODUCT_BUNDLE_IDENTIFIER = com.lingtoby.photoReviewTests;
				PRODUCT_NAME = "$(TARGET_NAME)";
				TEST_HOST = "$(BUILT_PRODUCTS_DIR)/photoReview.app/photoReview";
			};
			name = Release;
		};
		3D1639D81C9CABE10042BB72 /* Debug */ = {
			isa = XCBuildConfiguration;
			buildSettings = {
				INFOPLIST_FILE = photoReviewUITests/Info.plist;
				LD_RUNPATH_SEARCH_PATHS = "$(inherited) @executable_path/Frameworks @loader_path/Frameworks";
				PRODUCT_BUNDLE_IDENTIFIER = com.lingtoby.photoReviewUITests;
				PRODUCT_NAME = "$(TARGET_NAME)";
				TEST_TARGET_NAME = photoReview;
				USES_XCTRUNNER = YES;
			};
			name = Debug;
		};
		3D1639D91C9CABE10042BB72 /* Release */ = {
			isa = XCBuildConfiguration;
			buildSettings = {
				INFOPLIST_FILE = photoReviewUITests/Info.plist;
				LD_RUNPATH_SEARCH_PATHS = "$(inherited) @executable_path/Frameworks @loader_path/Frameworks";
				PRODUCT_BUNDLE_IDENTIFIER = com.lingtoby.photoReviewUITests;
				PRODUCT_NAME = "$(TARGET_NAME)";
				TEST_TARGET_NAME = photoReview;
				USES_XCTRUNNER = YES;
			};
			name = Release;
		};
/* End XCBuildConfiguration section */

/* Begin XCConfigurationList section */
		3D1639A41C9CABE00042BB72 /* Build configuration list for PBXProject "photoReview" */ = {
			isa = XCConfigurationList;
			buildConfigurations = (
				3D1639CF1C9CABE10042BB72 /* Debug */,
				3D1639D01C9CABE10042BB72 /* Release */,
			);
			defaultConfigurationIsVisible = 0;
			defaultConfigurationName = Release;
		};
		3D1639D11C9CABE10042BB72 /* Build configuration list for PBXNativeTarget "photoReview" */ = {
			isa = XCConfigurationList;
			buildConfigurations = (
				3D1639D21C9CABE10042BB72 /* Debug */,
				3D1639D31C9CABE10042BB72 /* Release */,
			);
			defaultConfigurationIsVisible = 0;
		};
		3D1639D41C9CABE10042BB72 /* Build configuration list for PBXNativeTarget "photoReviewTests" */ = {
			isa = XCConfigurationList;
			buildConfigurations = (
				3D1639D51C9CABE10042BB72 /* Debug */,
				3D1639D61C9CABE10042BB72 /* Release */,
			);
			defaultConfigurationIsVisible = 0;
		};
		3D1639D71C9CABE10042BB72 /* Build configuration list for PBXNativeTarget "photoReviewUITests" */ = {
			isa = XCConfigurationList;
			buildConfigurations = (
				3D1639D81C9CABE10042BB72 /* Debug */,
				3D1639D91C9CABE10042BB72 /* Release */,
			);
			defaultConfigurationIsVisible = 0;
		};
/* End XCConfigurationList section */
	};
	rootObject = 3D1639A11C9CABE00042BB72 /* Project object */;
}
